
Microsoft Visual Studio Solution File, Format Version 12.00
# Visual Studio 15
VisualStudioVersion = 15.0.27130.2010
MinimumVisualStudioVersion = 10.0.40219.1
Project("{9A19103F-16F7-4668-BE54-9A1E7A4F7556}") = "Backend", "src\Backend\Backend.csproj", "{D92481B4-16C6-430A-926D-49FF91A820C5}"
EndProject
Project("{9092AA53-FB77-4645-B42D-1CCCA6BD08BD}") = "Web", "src\Web\Web.njsproj", "{7DE45A29-467C-4F8F-9232-6FCCFDF4042B}"
EndProject
Global
	GlobalSection(SolutionConfigurationPlatforms) = preSolution
		Debug|Any CPU = Debug|Any CPU
		Release|Any CPU = Release|Any CPU
	EndGlobalSection
	GlobalSection(ProjectConfigurationPlatforms) = postSolution
		{D92481B4-16C6-430A-926D-49FF91A820C5}.Debug|Any CPU.ActiveCfg = Debug|Any CPU
		{D92481B4-16C6-430A-926D-49FF91A820C5}.Debug|Any CPU.Build.0 = Debug|Any CPU
		{D92481B4-16C6-430A-926D-49FF91A820C5}.Release|Any CPU.ActiveCfg = Release|Any CPU
		{D92481B4-16C6-430A-926D-49FF91A820C5}.Release|Any CPU.Build.0 = Release|Any CPU
		{7DE45A29-467C-4F8F-9232-6FCCFDF4042B}.Debug|Any CPU.ActiveCfg = Debug|Any CPU
		{7DE45A29-467C-4F8F-9232-6FCCFDF4042B}.Debug|Any CPU.Build.0 = Debug|Any CPU
		{7DE45A29-467C-4F8F-9232-6FCCFDF4042B}.Release|Any CPU.ActiveCfg = Release|Any CPU
		{7DE45A29-467C-4F8F-9232-6FCCFDF4042B}.Release|Any CPU.Build.0 = Release|Any CPU
	EndGlobalSection
	GlobalSection(SolutionProperties) = preSolution
		HideSolutionNode = FALSE
	EndGlobalSection
	GlobalSection(ExtensibilityGlobals) = postSolution
		SolutionGuid = {385FDAA7-8D33-4B9E-8347-F4FC1442AA80}
	EndGlobalSection
EndGlobal
